
Microsoft Visual Studio Solution File, Format Version 12.00
# Visual Studio 15
VisualStudioVersion = 15.0.28307.539
MinimumVisualStudioVersion = 10.0.40219.1
Project("{2150E333-8FDC-42A3-9474-1A3956D46DE8}") = "Single Responsibility", "Single Responsibility", "{421AE6D1-AF39-43C7-AA88-6934057CB0A4}"
EndProject
Project("{2150E333-8FDC-42A3-9474-1A3956D46DE8}") = "Bad Design", "Bad Design", "{BFD0448C-6BB8-470E-A9E5-84E6AD0E6615}"
EndProject
Project("{2150E333-8FDC-42A3-9474-1A3956D46DE8}") = "Good Design", "Good Design", "{904A13FC-C765-447B-B07F-8295DC1B4C34}"
EndProject
Project("{FAE04EC0-301F-11D3-BF4B-00C04F79EFBC}") = "OnlineReservationBad", "OnlineReservationBad\OnlineReservationBad.csproj", "{39A9F69A-CEA2-4D59-846A-07E765B8DC7F}"
EndProject
Project("{FAE04EC0-301F-11D3-BF4B-00C04F79EFBC}") = "OnlineReservationGood", "OnlineReservationGood\OnlineReservationGood.csproj", "{BC613369-45F0-4B86-A104-E5A4F9004707}"
EndProject
Project("{2150E333-8FDC-42A3-9474-1A3956D46DE8}") = "Dependency Inversion", "Dependency Inversion", "{421E9E10-D9BC-4B69-B688-9A3DEFA05158}"
EndProject
Project("{2150E333-8FDC-42A3-9474-1A3956D46DE8}") = "Bad Design", "Bad Design", "{85B942B1-5A11-4F2F-A2E6-8B7BE8ACB421}"
EndProject
Project("{2150E333-8FDC-42A3-9474-1A3956D46DE8}") = "Good Design", "Good Design", "{120CD56A-5274-4534-BCE7-1F6FCD564801}"
EndProject
Project("{FAE04EC0-301F-11D3-BF4B-00C04F79EFBC}") = "OnlineReservationBadDI", "OnlineReservationBadDI\OnlineReservationBadDI.csproj", "{5BB52AA9-704D-47D8-B087-317890C15C31}"
EndProject
Project("{FAE04EC0-301F-11D3-BF4B-00C04F79EFBC}") = "OnlineReservationGoodDI", "OnlineReservationGoodDI\OnlineReservationGoodDI.csproj", "{C35A0AC1-AE89-447D-918D-DB21F00B495E}"
EndProject
Project("{2150E333-8FDC-42A3-9474-1A3956D46DE8}") = "Open Close", "Open Close", "{DD81CC8B-8E78-4EBC-B3FE-8E22805C1698}"
EndProject
Project("{2150E333-8FDC-42A3-9474-1A3956D46DE8}") = "Bad Design", "Bad Design", "{5EF16FE6-82FD-4BF3-9555-98DA1130C159}"
EndProject
Project("{2150E333-8FDC-42A3-9474-1A3956D46DE8}") = "Good Design", "Good Design", "{AFD20C1B-8E79-449A-A8F1-3B812662E2FF}"
EndProject
Project("{FAE04EC0-301F-11D3-BF4B-00C04F79EFBC}") = "PaymentSystemBad", "PaymentSystemBad\PaymentSystemBad.csproj", "{B89627D6-8597-4433-A762-BEB41E904E6D}"
EndProject
Project("{FAE04EC0-301F-11D3-BF4B-00C04F79EFBC}") = "PaymentSystemGood", "PaymentSystemGood\PaymentSystemGood.csproj", "{F985898F-CFF1-404B-A418-2077E175F1B9}"
EndProject
Project("{2150E333-8FDC-42A3-9474-1A3956D46DE8}") = "Interface Segregation", "Interface Segregation", "{4A532A44-FC31-4844-8A2F-43BB5B5DA4CF}"
EndProject
Project("{2150E333-8FDC-42A3-9474-1A3956D46DE8}") = "Bad Design", "Bad Design", "{5B757A5E-15BB-4912-BD9B-AE4F9D550ADA}"
EndProject
Project("{2150E333-8FDC-42A3-9474-1A3956D46DE8}") = "Good Design", "Good Design", "{6491744D-5994-4115-8BB2-0DEF8C957F38}"
EndProject
Project("{FAE04EC0-301F-11D3-BF4B-00C04F79EFBC}") = "ValidationSystemBad", "ValidationSystemBad\ValidationSystemBad.csproj", "{0EC7B392-0E5C-4E1F-862F-CF9F6C613CCA}"
EndProject
Project("{FAE04EC0-301F-11D3-BF4B-00C04F79EFBC}") = "ValidationSystemGood", "ValidationSystemGood\ValidationSystemGood.csproj", "{5B13F883-9615-40B6-92D9-D69B0E1227ED}"
EndProject
Global
	GlobalSection(SolutionConfigurationPlatforms) = preSolution
		Debug|Any CPU = Debug|Any CPU
		Release|Any CPU = Release|Any CPU
	EndGlobalSection
	GlobalSection(ProjectConfigurationPlatforms) = postSolution
		{39A9F69A-CEA2-4D59-846A-07E765B8DC7F}.Debug|Any CPU.ActiveCfg = Debug|Any CPU
		{39A9F69A-CEA2-4D59-846A-07E765B8DC7F}.Debug|Any CPU.Build.0 = Debug|Any CPU
		{39A9F69A-CEA2-4D59-846A-07E765B8DC7F}.Release|Any CPU.ActiveCfg = Release|Any CPU
		{39A9F69A-CEA2-4D59-846A-07E765B8DC7F}.Release|Any CPU.Build.0 = Release|Any CPU
		{BC613369-45F0-4B86-A104-E5A4F9004707}.Debug|Any CPU.ActiveCfg = Debug|Any CPU
		{BC613369-45F0-4B86-A104-E5A4F9004707}.Debug|Any CPU.Build.0 = Debug|Any CPU
		{BC613369-45F0-4B86-A104-E5A4F9004707}.Release|Any CPU.ActiveCfg = Release|Any CPU
		{BC613369-45F0-4B86-A104-E5A4F9004707}.Release|Any CPU.Build.0 = Release|Any CPU
		{5BB52AA9-704D-47D8-B087-317890C15C31}.Debug|Any CPU.ActiveCfg = Debug|Any CPU
		{5BB52AA9-704D-47D8-B087-317890C15C31}.Debug|Any CPU.Build.0 = Debug|Any CPU
		{5BB52AA9-704D-47D8-B087-317890C15C31}.Release|Any CPU.ActiveCfg = Release|Any CPU
		{5BB52AA9-704D-47D8-B087-317890C15C31}.Release|Any CPU.Build.0 = Release|Any CPU
		{C35A0AC1-AE89-447D-918D-DB21F00B495E}.Debug|Any CPU.ActiveCfg = Debug|Any CPU
		{C35A0AC1-AE89-447D-918D-DB21F00B495E}.Debug|Any CPU.Build.0 = Debug|Any CPU
		{C35A0AC1-AE89-447D-918D-DB21F00B495E}.Release|Any CPU.ActiveCfg = Release|Any CPU
		{C35A0AC1-AE89-447D-918D-DB21F00B495E}.Release|Any CPU.Build.0 = Release|Any CPU
		{B89627D6-8597-4433-A762-BEB41E904E6D}.Debug|Any CPU.ActiveCfg = Debug|Any CPU
		{B89627D6-8597-4433-A762-BEB41E904E6D}.Debug|Any CPU.Build.0 = Debug|Any CPU
		{B89627D6-8597-4433-A762-BEB41E904E6D}.Release|Any CPU.ActiveCfg = Release|Any CPU
		{B89627D6-8597-4433-A762-BEB41E904E6D}.Release|Any CPU.Build.0 = Release|Any CPU
		{F985898F-CFF1-404B-A418-2077E175F1B9}.Debug|Any CPU.ActiveCfg = Debug|Any CPU
		{F985898F-CFF1-404B-A418-2077E175F1B9}.Debug|Any CPU.Build.0 = Debug|Any CPU
		{F985898F-CFF1-404B-A418-2077E175F1B9}.Release|Any CPU.ActiveCfg = Release|Any CPU
		{F985898F-CFF1-404B-A418-2077E175F1B9}.Release|Any CPU.Build.0 = Release|Any CPU
		{0EC7B392-0E5C-4E1F-862F-CF9F6C613CCA}.Debug|Any CPU.ActiveCfg = Debug|Any CPU
		{0EC7B392-0E5C-4E1F-862F-CF9F6C613CCA}.Debug|Any CPU.Build.0 = Debug|Any CPU
		{0EC7B392-0E5C-4E1F-862F-CF9F6C613CCA}.Release|Any CPU.ActiveCfg = Release|Any CPU
		{0EC7B392-0E5C-4E1F-862F-CF9F6C613CCA}.Release|Any CPU.Build.0 = Release|Any CPU
		{5B13F883-9615-40B6-92D9-D69B0E1227ED}.Debug|Any CPU.ActiveCfg = Debug|Any CPU
		{5B13F883-9615-40B6-92D9-D69B0E1227ED}.Debug|Any CPU.Build.0 = Debug|Any CPU
		{5B13F883-9615-40B6-92D9-D69B0E1227ED}.Release|Any CPU.ActiveCfg = Release|Any CPU
		{5B13F883-9615-40B6-92D9-D69B0E1227ED}.Release|Any CPU.Build.0 = Release|Any CPU
	EndGlobalSection
	GlobalSection(SolutionProperties) = preSolution
		HideSolutionNode = FALSE
	EndGlobalSection
	GlobalSection(NestedProjects) = preSolution
		{BFD0448C-6BB8-470E-A9E5-84E6AD0E6615} = {421AE6D1-AF39-43C7-AA88-6934057CB0A4}
		{904A13FC-C765-447B-B07F-8295DC1B4C34} = {421AE6D1-AF39-43C7-AA88-6934057CB0A4}
		{39A9F69A-CEA2-4D59-846A-07E765B8DC7F} = {BFD0448C-6BB8-470E-A9E5-84E6AD0E6615}
		{BC613369-45F0-4B86-A104-E5A4F9004707} = {904A13FC-C765-447B-B07F-8295DC1B4C34}
		{85B942B1-5A11-4F2F-A2E6-8B7BE8ACB421} = {421E9E10-D9BC-4B69-B688-9A3DEFA05158}
		{120CD56A-5274-4534-BCE7-1F6FCD564801} = {421E9E10-D9BC-4B69-B688-9A3DEFA05158}
		{5BB52AA9-704D-47D8-B087-317890C15C31} = {85B942B1-5A11-4F2F-A2E6-8B7BE8ACB421}
		{C35A0AC1-AE89-447D-918D-DB21F00B495E} = {120CD56A-5274-4534-BCE7-1F6FCD564801}
		{5EF16FE6-82FD-4BF3-9555-98DA1130C159} = {DD81CC8B-8E78-4EBC-B3FE-8E22805C1698}
		{AFD20C1B-8E79-449A-A8F1-3B812662E2FF} = {DD81CC8B-8E78-4EBC-B3FE-8E22805C1698}
		{B89627D6-8597-4433-A762-BEB41E904E6D} = {5EF16FE6-82FD-4BF3-9555-98DA1130C159}
		{F985898F-CFF1-404B-A418-2077E175F1B9} = {AFD20C1B-8E79-449A-A8F1-3B812662E2FF}
		{5B757A5E-15BB-4912-BD9B-AE4F9D550ADA} = {4A532A44-FC31-4844-8A2F-43BB5B5DA4CF}
		{6491744D-5994-4115-8BB2-0DEF8C957F38} = {4A532A44-FC31-4844-8A2F-43BB5B5DA4CF}
		{0EC7B392-0E5C-4E1F-862F-CF9F6C613CCA} = {5B757A5E-15BB-4912-BD9B-AE4F9D550ADA}
		{5B13F883-9615-40B6-92D9-D69B0E1227ED} = {6491744D-5994-4115-8BB2-0DEF8C957F38}
	EndGlobalSection
	GlobalSection(ExtensibilityGlobals) = postSolution
		SolutionGuid = {E7F73558-87CD-44B8-ABC2-DFCE17CDA0B6}
	EndGlobalSection
EndGlobal
